
Microsoft Visual Studio Solution File, Format Version 12.00
# Visual Studio Version 17
VisualStudioVersion = 17.0.31903.59
MinimumVisualStudioVersion = 10.0.40219.1
Project("{2150E333-8FDC-42A3-9474-1A3956D46DE8}") = "src", "src", "{8168E2CE-C1A8-422A-9B0E-DF018E382CC5}"
EndProject
Project("{FAE04EC0-301F-11D3-BF4B-00C04F79EFBC}") = "AuctionService", "src\AuctionService\AuctionService.csproj", "{E0584906-3ADF-4995-B460-5F38B228253A}"
EndProject
Project("{FAE04EC0-301F-11D3-BF4B-00C04F79EFBC}") = "SearchService", "src\SearchService\SearchService.csproj", "{2160484F-C47E-459C-8582-D269D6F9B6FC}"
EndProject
Project("{FAE04EC0-301F-11D3-BF4B-00C04F79EFBC}") = "Contracts", "src\Contracts\Contracts.csproj", "{39859506-053C-4EA4-9E47-F853EECC6C29}"
EndProject
Project("{FAE04EC0-301F-11D3-BF4B-00C04F79EFBC}") = "IdentityService", "src\IdentityService\IdentityService.csproj", "{1BDAA282-EEED-4824-ABB3-31D88CE60D29}"
EndProject
Project("{FAE04EC0-301F-11D3-BF4B-00C04F79EFBC}") = "GatewayService", "src\GatewayService\GatewayService.csproj", "{F5218428-9EA5-4F2F-AFB3-107D34FE8A9E}"
EndProject
Project("{FAE04EC0-301F-11D3-BF4B-00C04F79EFBC}") = "BiddingService", "src\BiddingService\BiddingService.csproj", "{F8FA899C-E623-48C5-935C-D5569F573D64}"
EndProject
Global
	GlobalSection(SolutionConfigurationPlatforms) = preSolution
		Debug|Any CPU = Debug|Any CPU
		Release|Any CPU = Release|Any CPU
	EndGlobalSection
	GlobalSection(SolutionProperties) = preSolution
		HideSolutionNode = FALSE
	EndGlobalSection
	GlobalSection(ProjectConfigurationPlatforms) = postSolution
		{E0584906-3ADF-4995-B460-5F38B228253A}.Debug|Any CPU.ActiveCfg = Debug|Any CPU
		{E0584906-3ADF-4995-B460-5F38B228253A}.Debug|Any CPU.Build.0 = Debug|Any CPU
		{E0584906-3ADF-4995-B460-5F38B228253A}.Release|Any CPU.ActiveCfg = Release|Any CPU
		{E0584906-3ADF-4995-B460-5F38B228253A}.Release|Any CPU.Build.0 = Release|Any CPU
		{2160484F-C47E-459C-8582-D269D6F9B6FC}.Debug|Any CPU.ActiveCfg = Debug|Any CPU
		{2160484F-C47E-459C-8582-D269D6F9B6FC}.Debug|Any CPU.Build.0 = Debug|Any CPU
		{2160484F-C47E-459C-8582-D269D6F9B6FC}.Release|Any CPU.ActiveCfg = Release|Any CPU
		{2160484F-C47E-459C-8582-D269D6F9B6FC}.Release|Any CPU.Build.0 = Release|Any CPU
		{39859506-053C-4EA4-9E47-F853EECC6C29}.Debug|Any CPU.ActiveCfg = Debug|Any CPU
		{39859506-053C-4EA4-9E47-F853EECC6C29}.Debug|Any CPU.Build.0 = Debug|Any CPU
		{39859506-053C-4EA4-9E47-F853EECC6C29}.Release|Any CPU.ActiveCfg = Release|Any CPU
		{39859506-053C-4EA4-9E47-F853EECC6C29}.Release|Any CPU.Build.0 = Release|Any CPU
		{1BDAA282-EEED-4824-ABB3-31D88CE60D29}.Debug|Any CPU.ActiveCfg = Debug|Any CPU
		{1BDAA282-EEED-4824-ABB3-31D88CE60D29}.Debug|Any CPU.Build.0 = Debug|Any CPU
		{1BDAA282-EEED-4824-ABB3-31D88CE60D29}.Release|Any CPU.ActiveCfg = Release|Any CPU
		{1BDAA282-EEED-4824-ABB3-31D88CE60D29}.Release|Any CPU.Build.0 = Release|Any CPU
		{F5218428-9EA5-4F2F-AFB3-107D34FE8A9E}.Debug|Any CPU.ActiveCfg = Debug|Any CPU
		{F5218428-9EA5-4F2F-AFB3-107D34FE8A9E}.Debug|Any CPU.Build.0 = Debug|Any CPU
		{F5218428-9EA5-4F2F-AFB3-107D34FE8A9E}.Release|Any CPU.ActiveCfg = Release|Any CPU
		{F5218428-9EA5-4F2F-AFB3-107D34FE8A9E}.Release|Any CPU.Build.0 = Release|Any CPU
		{F8FA899C-E623-48C5-935C-D5569F573D64}.Debug|Any CPU.ActiveCfg = Debug|Any CPU
		{F8FA899C-E623-48C5-935C-D5569F573D64}.Debug|Any CPU.Build.0 = Debug|Any CPU
		{F8FA899C-E623-48C5-935C-D5569F573D64}.Release|Any CPU.ActiveCfg = Release|Any CPU
		{F8FA899C-E623-48C5-935C-D5569F573D64}.Release|Any CPU.Build.0 = Release|Any CPU
	EndGlobalSection
	GlobalSection(NestedProjects) = preSolution
		{E0584906-3ADF-4995-B460-5F38B228253A} = {8168E2CE-C1A8-422A-9B0E-DF018E382CC5}
		{2160484F-C47E-459C-8582-D269D6F9B6FC} = {8168E2CE-C1A8-422A-9B0E-DF018E382CC5}
		{39859506-053C-4EA4-9E47-F853EECC6C29} = {8168E2CE-C1A8-422A-9B0E-DF018E382CC5}
		{1BDAA282-EEED-4824-ABB3-31D88CE60D29} = {8168E2CE-C1A8-422A-9B0E-DF018E382CC5}
		{F5218428-9EA5-4F2F-AFB3-107D34FE8A9E} = {8168E2CE-C1A8-422A-9B0E-DF018E382CC5}
		{F8FA899C-E623-48C5-935C-D5569F573D64} = {8168E2CE-C1A8-422A-9B0E-DF018E382CC5}
	EndGlobalSection
EndGlobal
